{
  "nodes": {
    "nixpkgs": {
      "locked": {
        "lastModified": 1719956923,
        "narHash": "sha256-nNJHJ9kfPdzYsCOlHOnbiiyKjZUW5sWbwx3cakg3/C4=",
        "owner": "NixOS",
        "repo": "nixpkgs",
        "rev": "706eef542dec88cc0ed25b9075d3037564b2d164",
        "type": "github"
      },
      "original": {
        "owner": "NixOS",
        "ref": "nixos-24.05",
        "repo": "nixpkgs",
        "type": "github"
      }
    },
    "root": {
      "inputs": {
        "nixpkgs": "nixpkgs",
        "socle": "socle"
      }
    },
    "socle": {
      "inputs": {
        "nixpkgs": [
          "nixpkgs"
        ]
      },
      "locked": {
        "lastModified": 1710631737,
        "narHash": "sha256-h1E3Srd8+itPX0Lw37jCappp0ZhiiRRbno7HY3vS5jc=",
        "owner": "dvdjv",
        "repo": "socle",
        "rev": "642c05287bfa0a336160f59487140f7312405b9a",
        "type": "github"
      },
      "original": {
        "owner": "dvdjv",
        "ref": "stable",
        "repo": "socle",
        "type": "github"
      }
    }
  },
  "root": "root",
  "version": 7
}
